
Microsoft Visual Studio Solution File, Format Version 12.00
# Visual Studio Version 17
VisualStudioVersion = 17.8.34511.84
MinimumVisualStudioVersion = 10.0.40219.1
Project("{E24C65DC-7377-472B-9ABA-BC803B73C61A}") = "Bill.Entry", "Bill.Entry\", "{1B699B04-F75F-4F57-A9E5-077F1273C34F}"
	ProjectSection(WebsiteProperties) = preProject
		TargetFrameworkMoniker = ".NETFramework,Version%3Dv4.7.2"
		Debug.AspNetCompiler.VirtualPath = "/localhost_52009"
		Debug.AspNetCompiler.PhysicalPath = "Bill.Entry\"
		Debug.AspNetCompiler.TargetPath = "PrecompiledWeb\localhost_52009\"
		Debug.AspNetCompiler.Updateable = "true"
		Debug.AspNetCompiler.ForceOverwrite = "true"
		Debug.AspNetCompiler.FixedNames = "false"
		Debug.AspNetCompiler.Debug = "True"
		Release.AspNetCompiler.VirtualPath = "/localhost_52009"
		Release.AspNetCompiler.PhysicalPath = "Bill.Entry\"
		Release.AspNetCompiler.TargetPath = "PrecompiledWeb\localhost_52009\"
		Release.AspNetCompiler.Updateable = "true"
		Release.AspNetCompiler.ForceOverwrite = "true"
		Release.AspNetCompiler.FixedNames = "false"
		Release.AspNetCompiler.Debug = "False"
		VWDPort = "52009"
		SlnRelativePath = "Bill.Entry\"
		DefaultWebSiteLanguage = "Visual C#"
	EndProjectSection
EndProject
Global
	GlobalSection(SolutionConfigurationPlatforms) = preSolution
		Debug|Any CPU = Debug|Any CPU
	EndGlobalSection
	GlobalSection(ProjectConfigurationPlatforms) = postSolution
		{1B699B04-F75F-4F57-A9E5-077F1273C34F}.Debug|Any CPU.ActiveCfg = Debug|Any CPU
		{1B699B04-F75F-4F57-A9E5-077F1273C34F}.Debug|Any CPU.Build.0 = Debug|Any CPU
	EndGlobalSection
	GlobalSection(SolutionProperties) = preSolution
		HideSolutionNode = FALSE
	EndGlobalSection
	GlobalSection(ExtensibilityGlobals) = postSolution
		SolutionGuid = {D7658C47-4DB3-4C0B-9BA6-7179AC5DBB1A}
	EndGlobalSection
EndGlobal
